
Microsoft Visual Studio Solution File, Format Version 12.00
# Visual Studio Version 17
VisualStudioVersion = 17.2.32526.322
MinimumVisualStudioVersion = 10.0.40219.1
Project("{9A19103F-16F7-4668-BE54-9A1E7A4F7556}") = "CompanyManagerAPI", "EmpresasAdministradorAPI\CompanyManagerAPI.csproj", "{17B310DB-5BDE-4344-BA9B-9DBB7A937A4B}"
EndProject
Project("{9A19103F-16F7-4668-BE54-9A1E7A4F7556}") = "CompanyManagerData", "EmpresasData\CompanyManagerData.csproj", "{DA4A7B2C-904D-40AB-95AE-97B0FB79FA9E}"
EndProject
Project("{9A19103F-16F7-4668-BE54-9A1E7A4F7556}") = "CompanyManagerDomain", "EmpresasDomain\CompanyManagerDomain.csproj", "{3FE88C89-8E6C-4933-83D2-43F38948AEA5}"
EndProject
Project("{9A19103F-16F7-4668-BE54-9A1E7A4F7556}") = "CompanyManagerInfrastructure", "EmpresasInfrastructure\CompanyManagerInfrastructure.csproj", "{320CA329-12D7-4D4E-A3FE-FEA991D1D15B}"
EndProject
Global
	GlobalSection(SolutionConfigurationPlatforms) = preSolution
		Debug|Any CPU = Debug|Any CPU
		Release|Any CPU = Release|Any CPU
	EndGlobalSection
	GlobalSection(ProjectConfigurationPlatforms) = postSolution
		{17B310DB-5BDE-4344-BA9B-9DBB7A937A4B}.Debug|Any CPU.ActiveCfg = Debug|Any CPU
		{17B310DB-5BDE-4344-BA9B-9DBB7A937A4B}.Debug|Any CPU.Build.0 = Debug|Any CPU
		{17B310DB-5BDE-4344-BA9B-9DBB7A937A4B}.Release|Any CPU.ActiveCfg = Release|Any CPU
		{17B310DB-5BDE-4344-BA9B-9DBB7A937A4B}.Release|Any CPU.Build.0 = Release|Any CPU
		{DA4A7B2C-904D-40AB-95AE-97B0FB79FA9E}.Debug|Any CPU.ActiveCfg = Debug|Any CPU
		{DA4A7B2C-904D-40AB-95AE-97B0FB79FA9E}.Debug|Any CPU.Build.0 = Debug|Any CPU
		{DA4A7B2C-904D-40AB-95AE-97B0FB79FA9E}.Release|Any CPU.ActiveCfg = Release|Any CPU
		{DA4A7B2C-904D-40AB-95AE-97B0FB79FA9E}.Release|Any CPU.Build.0 = Release|Any CPU
		{3FE88C89-8E6C-4933-83D2-43F38948AEA5}.Debug|Any CPU.ActiveCfg = Debug|Any CPU
		{3FE88C89-8E6C-4933-83D2-43F38948AEA5}.Debug|Any CPU.Build.0 = Debug|Any CPU
		{3FE88C89-8E6C-4933-83D2-43F38948AEA5}.Release|Any CPU.ActiveCfg = Release|Any CPU
		{3FE88C89-8E6C-4933-83D2-43F38948AEA5}.Release|Any CPU.Build.0 = Release|Any CPU
		{320CA329-12D7-4D4E-A3FE-FEA991D1D15B}.Debug|Any CPU.ActiveCfg = Debug|Any CPU
		{320CA329-12D7-4D4E-A3FE-FEA991D1D15B}.Debug|Any CPU.Build.0 = Debug|Any CPU
		{320CA329-12D7-4D4E-A3FE-FEA991D1D15B}.Release|Any CPU.ActiveCfg = Release|Any CPU
		{320CA329-12D7-4D4E-A3FE-FEA991D1D15B}.Release|Any CPU.Build.0 = Release|Any CPU
	EndGlobalSection
	GlobalSection(SolutionProperties) = preSolution
		HideSolutionNode = FALSE
	EndGlobalSection
	GlobalSection(ExtensibilityGlobals) = postSolution
		SolutionGuid = {CCD0374A-9E69-4CB8-B56A-BEF919F52CB0}
	EndGlobalSection
EndGlobal
